<Solution>
  <Folder Name="/samples/">
    <Project Path="samples/PlatformerSample/PlatformerSample.fsproj" />
    <Project Path="samples/SpaceBattle/SpaceBattle.fsproj" />
    <Project Path="samples/ThreeDSample/ThreeDSample.fsproj" />
  </Folder>
  <Folder Name="/src/">
    <Project Path="src/Mibo.Core/Mibo.Core.fsproj" />
    <Project Path="src/Mibo.Raylib/Mibo.Raylib.fsproj" />
    <Project Path="src/Mibo.Raylib.Tests/Mibo.Raylib.Tests.fsproj" />
    <Project Path="src/Templates/Mibo.Raylib.Templates.csproj" />
  </Folder>
</Solution>
